
Microsoft Visual Studio Solution File, Format Version 12.00
Project("{FAE04EC0-301F-11D3-BF4B-00C04F79EFBC}") = "N_2_4_HttpResponse", "N_2_4_HttpResponse\N_2_4_HttpResponse.csproj", "{2FC71096-A8EE-4056-B5BC-0F9D4929F72E}"
EndProject
Global
	GlobalSection(SolutionConfigurationPlatforms) = preSolution
		Debug|Any CPU = Debug|Any CPU
		Release|Any CPU = Release|Any CPU
	EndGlobalSection
	GlobalSection(ProjectConfigurationPlatforms) = postSolution
		{2FC71096-A8EE-4056-B5BC-0F9D4929F72E}.Debug|Any CPU.ActiveCfg = Debug|Any CPU
		{2FC71096-A8EE-4056-B5BC-0F9D4929F72E}.Debug|Any CPU.Build.0 = Debug|Any CPU
		{2FC71096-A8EE-4056-B5BC-0F9D4929F72E}.Release|Any CPU.ActiveCfg = Release|Any CPU
		{2FC71096-A8EE-4056-B5BC-0F9D4929F72E}.Release|Any CPU.Build.0 = Release|Any CPU
	EndGlobalSection
EndGlobal
