
Microsoft Visual Studio Solution File, Format Version 12.00
Project("{FAE04EC0-301F-11D3-BF4B-00C04F79EFBC}") = "N_3_6_ScopedServicesInSingletonObjects", "N_3_6_ScopedServicesInSingletonObjects\N_3_6_ScopedServicesInSingletonObjects.csproj", "{D98A8F71-B131-4EC9-970B-7B38802DE934}"
EndProject
Global
	GlobalSection(SolutionConfigurationPlatforms) = preSolution
		Debug|Any CPU = Debug|Any CPU
		Release|Any CPU = Release|Any CPU
	EndGlobalSection
	GlobalSection(ProjectConfigurationPlatforms) = postSolution
		{D98A8F71-B131-4EC9-970B-7B38802DE934}.Debug|Any CPU.ActiveCfg = Debug|Any CPU
		{D98A8F71-B131-4EC9-970B-7B38802DE934}.Debug|Any CPU.Build.0 = Debug|Any CPU
		{D98A8F71-B131-4EC9-970B-7B38802DE934}.Release|Any CPU.ActiveCfg = Release|Any CPU
		{D98A8F71-B131-4EC9-970B-7B38802DE934}.Release|Any CPU.Build.0 = Release|Any CPU
	EndGlobalSection
EndGlobal
