
Microsoft Visual Studio Solution File, Format Version 12.00
Project("{FAE04EC0-301F-11D3-BF4B-00C04F79EFBC}") = "N_2_2_RequestProcessingPipelineAndMiddleware", "N_2_2_RequestProcessingPipelineAndMiddleware\N_2_2_RequestProcessingPipelineAndMiddleware.csproj", "{5D26BA7C-8A9C-4F3F-975C-BE35270B20F3}"
EndProject
Global
	GlobalSection(SolutionConfigurationPlatforms) = preSolution
		Debug|Any CPU = Debug|Any CPU
		Release|Any CPU = Release|Any CPU
	EndGlobalSection
	GlobalSection(ProjectConfigurationPlatforms) = postSolution
		{5D26BA7C-8A9C-4F3F-975C-BE35270B20F3}.Debug|Any CPU.ActiveCfg = Debug|Any CPU
		{5D26BA7C-8A9C-4F3F-975C-BE35270B20F3}.Debug|Any CPU.Build.0 = Debug|Any CPU
		{5D26BA7C-8A9C-4F3F-975C-BE35270B20F3}.Release|Any CPU.ActiveCfg = Release|Any CPU
		{5D26BA7C-8A9C-4F3F-975C-BE35270B20F3}.Release|Any CPU.Build.0 = Release|Any CPU
	EndGlobalSection
EndGlobal
