
Microsoft Visual Studio Solution File, Format Version 12.00
Project("{FAE04EC0-301F-11D3-BF4B-00C04F79EFBC}") = "N_4_1_Endponts_MapMethod", "N_4_1_Endponts_MapMethod\N_4_1_Endponts_MapMethod.csproj", "{B88F098D-95E7-4FEC-BDEB-5B641034F3CB}"
EndProject
Global
	GlobalSection(SolutionConfigurationPlatforms) = preSolution
		Debug|Any CPU = Debug|Any CPU
		Release|Any CPU = Release|Any CPU
	EndGlobalSection
	GlobalSection(ProjectConfigurationPlatforms) = postSolution
		{B88F098D-95E7-4FEC-BDEB-5B641034F3CB}.Debug|Any CPU.ActiveCfg = Debug|Any CPU
		{B88F098D-95E7-4FEC-BDEB-5B641034F3CB}.Debug|Any CPU.Build.0 = Debug|Any CPU
		{B88F098D-95E7-4FEC-BDEB-5B641034F3CB}.Release|Any CPU.ActiveCfg = Release|Any CPU
		{B88F098D-95E7-4FEC-BDEB-5B641034F3CB}.Release|Any CPU.Build.0 = Release|Any CPU
	EndGlobalSection
EndGlobal
