
Microsoft Visual Studio Solution File, Format Version 12.00
Project("{FAE04EC0-301F-11D3-BF4B-00C04F79EFBC}") = "N_4_3_RouteConstraints", "N_4_3_RouteConstraints\N_4_3_RouteConstraints.csproj", "{5DFB89C7-1F28-4528-A918-8D3F181D03C6}"
EndProject
Global
	GlobalSection(SolutionConfigurationPlatforms) = preSolution
		Debug|Any CPU = Debug|Any CPU
		Release|Any CPU = Release|Any CPU
	EndGlobalSection
	GlobalSection(ProjectConfigurationPlatforms) = postSolution
		{5DFB89C7-1F28-4528-A918-8D3F181D03C6}.Debug|Any CPU.ActiveCfg = Debug|Any CPU
		{5DFB89C7-1F28-4528-A918-8D3F181D03C6}.Debug|Any CPU.Build.0 = Debug|Any CPU
		{5DFB89C7-1F28-4528-A918-8D3F181D03C6}.Release|Any CPU.ActiveCfg = Release|Any CPU
		{5DFB89C7-1F28-4528-A918-8D3F181D03C6}.Release|Any CPU.Build.0 = Release|Any CPU
	EndGlobalSection
EndGlobal
